
Microsoft Visual Studio Solution File, Format Version 12.00
# Visual Studio 2017
Project("{FAE04EC0-301F-11D3-BF4B-00C04F79EFBC}") = "osmosis clone", "osmosis clone.csproj", "{0E068507-C9B6-13FB-4620-0C72249E20CB}"
EndProject
Global
	GlobalSection(SolutionConfigurationPlatforms) = preSolution
		Debug|Any CPU = Debug|Any CPU
		Release|Any CPU = Release|Any CPU
	EndGlobalSection
	GlobalSection(ProjectConfigurationPlatforms) = postSolution
		{0E068507-C9B6-13FB-4620-0C72249E20CB}.Debug|Any CPU.ActiveCfg = Debug|Any CPU
		{0E068507-C9B6-13FB-4620-0C72249E20CB}.Debug|Any CPU.Build.0 = Debug|Any CPU
		{0E068507-C9B6-13FB-4620-0C72249E20CB}.Release|Any CPU.ActiveCfg = Release|Any CPU
		{0E068507-C9B6-13FB-4620-0C72249E20CB}.Release|Any CPU.Build.0 = Release|Any CPU
	EndGlobalSection
	GlobalSection(SolutionProperties) = preSolution
		HideSolutionNode = FALSE
	EndGlobalSection
EndGlobal
