
Microsoft Visual Studio Solution File, Format Version 12.00
# Visual Studio 2017
Project("{FAE04EC0-301F-11D3-BF4B-00C04F79EFBC}") = "Particals tutorial", "Particals tutorial.csproj", "{A86982AE-B579-0C1D-9664-F92CFEBB0F69}"
EndProject
Global
	GlobalSection(SolutionConfigurationPlatforms) = preSolution
		Debug|Any CPU = Debug|Any CPU
		Release|Any CPU = Release|Any CPU
	EndGlobalSection
	GlobalSection(ProjectConfigurationPlatforms) = postSolution
		{A86982AE-B579-0C1D-9664-F92CFEBB0F69}.Debug|Any CPU.ActiveCfg = Debug|Any CPU
		{A86982AE-B579-0C1D-9664-F92CFEBB0F69}.Debug|Any CPU.Build.0 = Debug|Any CPU
		{A86982AE-B579-0C1D-9664-F92CFEBB0F69}.Release|Any CPU.ActiveCfg = Release|Any CPU
		{A86982AE-B579-0C1D-9664-F92CFEBB0F69}.Release|Any CPU.Build.0 = Release|Any CPU
	EndGlobalSection
	GlobalSection(SolutionProperties) = preSolution
		HideSolutionNode = FALSE
	EndGlobalSection
EndGlobal
